
Microsoft Visual Studio Solution File, Format Version 12.00
Project("{FAE04EC0-301F-11D3-BF4B-00C04F79EFBC}") = "SoloTests", "SoloTests\SoloTests.csproj", "{43F38FAC-6E24-4D5B-901B-0913C0553EEE}"
EndProject
Project("{FAE04EC0-301F-11D3-BF4B-00C04F79EFBC}") = "Solo", "Solo\Solo.csproj", "{C31DF33D-3050-46DC-BD70-51C453F63E69}"
EndProject
Global
	GlobalSection(SolutionConfigurationPlatforms) = preSolution
		Debug|Any CPU = Debug|Any CPU
		Release|Any CPU = Release|Any CPU
	EndGlobalSection
	GlobalSection(ProjectConfigurationPlatforms) = postSolution
		{43F38FAC-6E24-4D5B-901B-0913C0553EEE}.Debug|Any CPU.ActiveCfg = Debug|Any CPU
		{43F38FAC-6E24-4D5B-901B-0913C0553EEE}.Debug|Any CPU.Build.0 = Debug|Any CPU
		{43F38FAC-6E24-4D5B-901B-0913C0553EEE}.Release|Any CPU.ActiveCfg = Release|Any CPU
		{43F38FAC-6E24-4D5B-901B-0913C0553EEE}.Release|Any CPU.Build.0 = Release|Any CPU
		{C31DF33D-3050-46DC-BD70-51C453F63E69}.Debug|Any CPU.ActiveCfg = Debug|Any CPU
		{C31DF33D-3050-46DC-BD70-51C453F63E69}.Debug|Any CPU.Build.0 = Debug|Any CPU
		{C31DF33D-3050-46DC-BD70-51C453F63E69}.Release|Any CPU.ActiveCfg = Release|Any CPU
		{C31DF33D-3050-46DC-BD70-51C453F63E69}.Release|Any CPU.Build.0 = Release|Any CPU
	EndGlobalSection
EndGlobal
